{
  "requires": true,
  "lockfileVersion": 1,
  "dependencies": {
    "fastclick": {
      "version": "1.0.6",
      "resolved": "https://registry.npmjs.org/fastclick/-/fastclick-1.0.6.tgz",
      "integrity": "sha1-FhYlsnsaWAZAWTa9qaLBkm0Gvmo="
    },
    "jqb-ko-fastclick": {
      "version": "0.1.1",
      "resolved": "https://registry.npmjs.org/jqb-ko-fastclick/-/jqb-ko-fastclick-0.1.1.tgz",
      "integrity": "sha1-u9nmsul9ZcT1WAwazdg46GHj6Aw=",
      "requires": {
        "fastclick": "1.0.6"
      }
    }
  }
}
